
Microsoft Visual Studio Solution File, Format Version 12.00
# Visual Studio Version 16
VisualStudioVersion = 16.0.31624.102
MinimumVisualStudioVersion = 10.0.40219.1
Project("{FAE04EC0-301F-11D3-BF4B-00C04F79EFBC}") = "4-ValidParentheses(20)", "4-ValidParentheses(20)\4-ValidParentheses(20).csproj", "{8127B805-91D3-493E-BDE8-4E36225B53F4}"
EndProject
Global
	GlobalSection(SolutionConfigurationPlatforms) = preSolution
		Debug|Any CPU = Debug|Any CPU
		Release|Any CPU = Release|Any CPU
	EndGlobalSection
	GlobalSection(ProjectConfigurationPlatforms) = postSolution
		{8127B805-91D3-493E-BDE8-4E36225B53F4}.Debug|Any CPU.ActiveCfg = Debug|Any CPU
		{8127B805-91D3-493E-BDE8-4E36225B53F4}.Debug|Any CPU.Build.0 = Debug|Any CPU
		{8127B805-91D3-493E-BDE8-4E36225B53F4}.Release|Any CPU.ActiveCfg = Release|Any CPU
		{8127B805-91D3-493E-BDE8-4E36225B53F4}.Release|Any CPU.Build.0 = Release|Any CPU
	EndGlobalSection
	GlobalSection(SolutionProperties) = preSolution
		HideSolutionNode = FALSE
	EndGlobalSection
	GlobalSection(ExtensibilityGlobals) = postSolution
		SolutionGuid = {08CB2706-4ED2-41F2-ABEB-96F4EA9F09D4}
	EndGlobalSection
EndGlobal
